
Microsoft Visual Studio Solution File, Format Version 12.00
# Visual Studio 14
VisualStudioVersion = 14.0.25420.1
MinimumVisualStudioVersion = 10.0.40219.1
Project("{FAE04EC0-301F-11D3-BF4B-00C04F79EFBC}") = "BR3walkietalkie", "BR3walkietalkie\BR3walkietalkie.csproj", "{9AB5FB4A-14E5-4447-AF56-F810E3EAC593}"
EndProject
Project("{FAE04EC0-301F-11D3-BF4B-00C04F79EFBC}") = "Common", "Common\Common.csproj", "{A3963FD7-2A60-4C54-AAA6-2E13C83CDB1E}"
EndProject
Project("{FAE04EC0-301F-11D3-BF4B-00C04F79EFBC}") = "BLL", "BLL\BLL.csproj", "{D9BE0A0B-91CE-472E-A707-A67FA803BC09}"
EndProject
Project("{6141683F-8A12-4E36-9623-2EB02B2C2303}") = "Br03 Setup", "Br03 Setup\Br03 Setup.isproj", "{542A3E32-5DFE-4971-9A04-DD0A90B43211}"
EndProject
Global
	GlobalSection(SolutionConfigurationPlatforms) = preSolution
		CD_ROM|Any CPU = CD_ROM|Any CPU
		Debug|Any CPU = Debug|Any CPU
		DVD-5|Any CPU = DVD-5|Any CPU
		Release|Any CPU = Release|Any CPU
		SingleImage|Any CPU = SingleImage|Any CPU
	EndGlobalSection
	GlobalSection(ProjectConfigurationPlatforms) = postSolution
		{9AB5FB4A-14E5-4447-AF56-F810E3EAC593}.CD_ROM|Any CPU.ActiveCfg = Release|Any CPU
		{9AB5FB4A-14E5-4447-AF56-F810E3EAC593}.CD_ROM|Any CPU.Build.0 = Release|Any CPU
		{9AB5FB4A-14E5-4447-AF56-F810E3EAC593}.Debug|Any CPU.ActiveCfg = Debug|Any CPU
		{9AB5FB4A-14E5-4447-AF56-F810E3EAC593}.Debug|Any CPU.Build.0 = Debug|Any CPU
		{9AB5FB4A-14E5-4447-AF56-F810E3EAC593}.DVD-5|Any CPU.ActiveCfg = Debug|Any CPU
		{9AB5FB4A-14E5-4447-AF56-F810E3EAC593}.DVD-5|Any CPU.Build.0 = Debug|Any CPU
		{9AB5FB4A-14E5-4447-AF56-F810E3EAC593}.Release|Any CPU.ActiveCfg = Release|Any CPU
		{9AB5FB4A-14E5-4447-AF56-F810E3EAC593}.Release|Any CPU.Build.0 = Release|Any CPU
		{9AB5FB4A-14E5-4447-AF56-F810E3EAC593}.SingleImage|Any CPU.ActiveCfg = Release|Any CPU
		{9AB5FB4A-14E5-4447-AF56-F810E3EAC593}.SingleImage|Any CPU.Build.0 = Release|Any CPU
		{A3963FD7-2A60-4C54-AAA6-2E13C83CDB1E}.CD_ROM|Any CPU.ActiveCfg = Release|Any CPU
		{A3963FD7-2A60-4C54-AAA6-2E13C83CDB1E}.CD_ROM|Any CPU.Build.0 = Release|Any CPU
		{A3963FD7-2A60-4C54-AAA6-2E13C83CDB1E}.Debug|Any CPU.ActiveCfg = Debug|Any CPU
		{A3963FD7-2A60-4C54-AAA6-2E13C83CDB1E}.Debug|Any CPU.Build.0 = Debug|Any CPU
		{A3963FD7-2A60-4C54-AAA6-2E13C83CDB1E}.DVD-5|Any CPU.ActiveCfg = Debug|Any CPU
		{A3963FD7-2A60-4C54-AAA6-2E13C83CDB1E}.DVD-5|Any CPU.Build.0 = Debug|Any CPU
		{A3963FD7-2A60-4C54-AAA6-2E13C83CDB1E}.Release|Any CPU.ActiveCfg = Release|Any CPU
		{A3963FD7-2A60-4C54-AAA6-2E13C83CDB1E}.Release|Any CPU.Build.0 = Release|Any CPU
		{A3963FD7-2A60-4C54-AAA6-2E13C83CDB1E}.SingleImage|Any CPU.ActiveCfg = Release|Any CPU
		{A3963FD7-2A60-4C54-AAA6-2E13C83CDB1E}.SingleImage|Any CPU.Build.0 = Release|Any CPU
		{D9BE0A0B-91CE-472E-A707-A67FA803BC09}.CD_ROM|Any CPU.ActiveCfg = Release|Any CPU
		{D9BE0A0B-91CE-472E-A707-A67FA803BC09}.CD_ROM|Any CPU.Build.0 = Release|Any CPU
		{D9BE0A0B-91CE-472E-A707-A67FA803BC09}.Debug|Any CPU.ActiveCfg = Debug|Any CPU
		{D9BE0A0B-91CE-472E-A707-A67FA803BC09}.Debug|Any CPU.Build.0 = Debug|Any CPU
		{D9BE0A0B-91CE-472E-A707-A67FA803BC09}.DVD-5|Any CPU.ActiveCfg = Debug|Any CPU
		{D9BE0A0B-91CE-472E-A707-A67FA803BC09}.DVD-5|Any CPU.Build.0 = Debug|Any CPU
		{D9BE0A0B-91CE-472E-A707-A67FA803BC09}.Release|Any CPU.ActiveCfg = Release|Any CPU
		{D9BE0A0B-91CE-472E-A707-A67FA803BC09}.Release|Any CPU.Build.0 = Release|Any CPU
		{D9BE0A0B-91CE-472E-A707-A67FA803BC09}.SingleImage|Any CPU.ActiveCfg = Release|Any CPU
		{D9BE0A0B-91CE-472E-A707-A67FA803BC09}.SingleImage|Any CPU.Build.0 = Release|Any CPU
		{542A3E32-5DFE-4971-9A04-DD0A90B43211}.CD_ROM|Any CPU.ActiveCfg = CD_ROM
		{542A3E32-5DFE-4971-9A04-DD0A90B43211}.CD_ROM|Any CPU.Build.0 = CD_ROM
		{542A3E32-5DFE-4971-9A04-DD0A90B43211}.Debug|Any CPU.ActiveCfg = DVD-5
		{542A3E32-5DFE-4971-9A04-DD0A90B43211}.Debug|Any CPU.Build.0 = DVD-5
		{542A3E32-5DFE-4971-9A04-DD0A90B43211}.DVD-5|Any CPU.ActiveCfg = DVD-5
		{542A3E32-5DFE-4971-9A04-DD0A90B43211}.DVD-5|Any CPU.Build.0 = DVD-5
		{542A3E32-5DFE-4971-9A04-DD0A90B43211}.Release|Any CPU.ActiveCfg = SingleImage
		{542A3E32-5DFE-4971-9A04-DD0A90B43211}.Release|Any CPU.Build.0 = SingleImage
		{542A3E32-5DFE-4971-9A04-DD0A90B43211}.SingleImage|Any CPU.ActiveCfg = SingleImage
		{542A3E32-5DFE-4971-9A04-DD0A90B43211}.SingleImage|Any CPU.Build.0 = SingleImage
	EndGlobalSection
	GlobalSection(SolutionProperties) = preSolution
		HideSolutionNode = FALSE
	EndGlobalSection
EndGlobal
